
Microsoft Visual Studio Solution File, Format Version 12.00
# Visual Studio Version 16
VisualStudioVersion = 16.0.31605.320
MinimumVisualStudioVersion = 10.0.40219.1
Project("{FAE04EC0-301F-11D3-BF4B-00C04F79EFBC}") = "Banking", "Banking\Banking.csproj", "{5FC2E7F4-2AE9-4194-9CE2-F2E39790E6A1}"
EndProject
Project("{FAE04EC0-301F-11D3-BF4B-00C04F79EFBC}") = "BankingUI", "BankingUI\BankingUI.csproj", "{26F55E46-746D-4052-818D-16C75ECB95A0}"
EndProject
Global
	GlobalSection(SolutionConfigurationPlatforms) = preSolution
		Debug|Any CPU = Debug|Any CPU
		Release|Any CPU = Release|Any CPU
	EndGlobalSection
	GlobalSection(ProjectConfigurationPlatforms) = postSolution
		{5FC2E7F4-2AE9-4194-9CE2-F2E39790E6A1}.Debug|Any CPU.ActiveCfg = Debug|Any CPU
		{5FC2E7F4-2AE9-4194-9CE2-F2E39790E6A1}.Debug|Any CPU.Build.0 = Debug|Any CPU
		{5FC2E7F4-2AE9-4194-9CE2-F2E39790E6A1}.Release|Any CPU.ActiveCfg = Release|Any CPU
		{5FC2E7F4-2AE9-4194-9CE2-F2E39790E6A1}.Release|Any CPU.Build.0 = Release|Any CPU
		{26F55E46-746D-4052-818D-16C75ECB95A0}.Debug|Any CPU.ActiveCfg = Debug|Any CPU
		{26F55E46-746D-4052-818D-16C75ECB95A0}.Debug|Any CPU.Build.0 = Debug|Any CPU
		{26F55E46-746D-4052-818D-16C75ECB95A0}.Release|Any CPU.ActiveCfg = Release|Any CPU
		{26F55E46-746D-4052-818D-16C75ECB95A0}.Release|Any CPU.Build.0 = Release|Any CPU
	EndGlobalSection
	GlobalSection(SolutionProperties) = preSolution
		HideSolutionNode = FALSE
	EndGlobalSection
	GlobalSection(ExtensibilityGlobals) = postSolution
		SolutionGuid = {7AD7A71C-0E9F-4AA5-83E0-8D2AD18527FA}
	EndGlobalSection
EndGlobal
