
Microsoft Visual Studio Solution File, Format Version 12.00
# Visual Studio Version 16
VisualStudioVersion = 16.0.30621.155
MinimumVisualStudioVersion = 10.0.40219.1
Project("{FAE04EC0-301F-11D3-BF4B-00C04F79EFBC}") = "BankDeposits", "BankDeposits\BankDeposits.csproj", "{224852AB-83D3-420E-9E25-D7456A285B5A}"
EndProject
Global
	GlobalSection(SolutionConfigurationPlatforms) = preSolution
		Debug|Any CPU = Debug|Any CPU
		Release|Any CPU = Release|Any CPU
	EndGlobalSection
	GlobalSection(ProjectConfigurationPlatforms) = postSolution
		{224852AB-83D3-420E-9E25-D7456A285B5A}.Debug|Any CPU.ActiveCfg = Debug|Any CPU
		{224852AB-83D3-420E-9E25-D7456A285B5A}.Debug|Any CPU.Build.0 = Debug|Any CPU
		{224852AB-83D3-420E-9E25-D7456A285B5A}.Release|Any CPU.ActiveCfg = Release|Any CPU
		{224852AB-83D3-420E-9E25-D7456A285B5A}.Release|Any CPU.Build.0 = Release|Any CPU
	EndGlobalSection
	GlobalSection(SolutionProperties) = preSolution
		HideSolutionNode = FALSE
	EndGlobalSection
	GlobalSection(ExtensibilityGlobals) = postSolution
		SolutionGuid = {E5EAC322-BE66-4375-9B0C-59AD856F8D43}
	EndGlobalSection
EndGlobal
