
Microsoft Visual Studio Solution File, Format Version 12.00
# Visual Studio Version 16
VisualStudioVersion = 16.0.31702.278
MinimumVisualStudioVersion = 10.0.40219.1
Project("{FAE04EC0-301F-11D3-BF4B-00C04F79EFBC}") = "Assignment_4", "Assignment_4\Assignment_4.csproj", "{B3BA6D7C-50AC-4A16-99FC-CE7E3606E1EF}"
EndProject
Project("{FAE04EC0-301F-11D3-BF4B-00C04F79EFBC}") = "Cards", "Cards\Cards.csproj", "{5E9D503F-D772-45B8-9DB6-EAF6CF8B5F19}"
EndProject
Global
	GlobalSection(SolutionConfigurationPlatforms) = preSolution
		Debug|Any CPU = Debug|Any CPU
		Release|Any CPU = Release|Any CPU
	EndGlobalSection
	GlobalSection(ProjectConfigurationPlatforms) = postSolution
		{B3BA6D7C-50AC-4A16-99FC-CE7E3606E1EF}.Debug|Any CPU.ActiveCfg = Debug|Any CPU
		{B3BA6D7C-50AC-4A16-99FC-CE7E3606E1EF}.Debug|Any CPU.Build.0 = Debug|Any CPU
		{B3BA6D7C-50AC-4A16-99FC-CE7E3606E1EF}.Release|Any CPU.ActiveCfg = Release|Any CPU
		{B3BA6D7C-50AC-4A16-99FC-CE7E3606E1EF}.Release|Any CPU.Build.0 = Release|Any CPU
		{5E9D503F-D772-45B8-9DB6-EAF6CF8B5F19}.Debug|Any CPU.ActiveCfg = Debug|Any CPU
		{5E9D503F-D772-45B8-9DB6-EAF6CF8B5F19}.Debug|Any CPU.Build.0 = Debug|Any CPU
		{5E9D503F-D772-45B8-9DB6-EAF6CF8B5F19}.Release|Any CPU.ActiveCfg = Release|Any CPU
		{5E9D503F-D772-45B8-9DB6-EAF6CF8B5F19}.Release|Any CPU.Build.0 = Release|Any CPU
	EndGlobalSection
	GlobalSection(SolutionProperties) = preSolution
		HideSolutionNode = FALSE
	EndGlobalSection
	GlobalSection(ExtensibilityGlobals) = postSolution
		SolutionGuid = {9259A008-D303-4815-AD42-1C89333130C2}
	EndGlobalSection
EndGlobal
